
Microsoft Visual Studio Solution File, Format Version 12.00
# Visual Studio Version 17
VisualStudioVersion = 17.5.002.0
MinimumVisualStudioVersion = 10.0.40219.1
Project("{9A19103F-16F7-4668-BE54-9A1E7A4F7556}") = "PhiloWellnessMVC", "PhiloWellnessMVC\PhiloWellnessMVC.csproj", "{5E969496-B1A1-44AE-BE3A-D1065325BBB3}"
EndProject
Project("{9A19103F-16F7-4668-BE54-9A1E7A4F7556}") = "PhiloWellnessMVC.Data", "PhiloWellnessMVC.Data\PhiloWellnessMVC.Data.csproj", "{CEEADEED-A5C8-40CE-823D-1558ECA392E3}"
EndProject
Project("{9A19103F-16F7-4668-BE54-9A1E7A4F7556}") = "PhiloWellnessMVC.Models", "PhiloWellnessMVC.Models\PhiloWellnessMVC.Models.csproj", "{AE994786-0DB7-4E5E-923F-81547F41686B}"
EndProject
Project("{9A19103F-16F7-4668-BE54-9A1E7A4F7556}") = "PhiloWellnessMVC.Services", "PhiloWellnessMVC.Services\PhiloWellnessMVC.Services.csproj", "{237B2084-3426-4EDF-91CE-B1D3CC4E75F0}"
EndProject
Global
	GlobalSection(SolutionConfigurationPlatforms) = preSolution
		Debug|Any CPU = Debug|Any CPU
		Release|Any CPU = Release|Any CPU
	EndGlobalSection
	GlobalSection(ProjectConfigurationPlatforms) = postSolution
		{5E969496-B1A1-44AE-BE3A-D1065325BBB3}.Debug|Any CPU.ActiveCfg = Debug|Any CPU
		{5E969496-B1A1-44AE-BE3A-D1065325BBB3}.Debug|Any CPU.Build.0 = Debug|Any CPU
		{5E969496-B1A1-44AE-BE3A-D1065325BBB3}.Release|Any CPU.ActiveCfg = Release|Any CPU
		{5E969496-B1A1-44AE-BE3A-D1065325BBB3}.Release|Any CPU.Build.0 = Release|Any CPU
		{CEEADEED-A5C8-40CE-823D-1558ECA392E3}.Debug|Any CPU.ActiveCfg = Debug|Any CPU
		{CEEADEED-A5C8-40CE-823D-1558ECA392E3}.Debug|Any CPU.Build.0 = Debug|Any CPU
		{CEEADEED-A5C8-40CE-823D-1558ECA392E3}.Release|Any CPU.ActiveCfg = Release|Any CPU
		{CEEADEED-A5C8-40CE-823D-1558ECA392E3}.Release|Any CPU.Build.0 = Release|Any CPU
		{AE994786-0DB7-4E5E-923F-81547F41686B}.Debug|Any CPU.ActiveCfg = Debug|Any CPU
		{AE994786-0DB7-4E5E-923F-81547F41686B}.Debug|Any CPU.Build.0 = Debug|Any CPU
		{AE994786-0DB7-4E5E-923F-81547F41686B}.Release|Any CPU.ActiveCfg = Release|Any CPU
		{AE994786-0DB7-4E5E-923F-81547F41686B}.Release|Any CPU.Build.0 = Release|Any CPU
		{237B2084-3426-4EDF-91CE-B1D3CC4E75F0}.Debug|Any CPU.ActiveCfg = Debug|Any CPU
		{237B2084-3426-4EDF-91CE-B1D3CC4E75F0}.Debug|Any CPU.Build.0 = Debug|Any CPU
		{237B2084-3426-4EDF-91CE-B1D3CC4E75F0}.Release|Any CPU.ActiveCfg = Release|Any CPU
		{237B2084-3426-4EDF-91CE-B1D3CC4E75F0}.Release|Any CPU.Build.0 = Release|Any CPU
	EndGlobalSection
	GlobalSection(SolutionProperties) = preSolution
		HideSolutionNode = FALSE
	EndGlobalSection
	GlobalSection(ExtensibilityGlobals) = postSolution
		SolutionGuid = {D361065B-CA73-40DB-9249-C99C65A743B8}
	EndGlobalSection
EndGlobal
