
Microsoft Visual Studio Solution File, Format Version 12.00
# Visual Studio Version 17
VisualStudioVersion = 17.5.002.0
MinimumVisualStudioVersion = 10.0.40219.1
Project("{9A19103F-16F7-4668-BE54-9A1E7A4F7556}") = "PhiloWellnessMVC", "PhiloWellnessMVC\PhiloWellnessMVC.csproj", "{C004D089-6E82-460F-907D-0B6917C6B04C}"
EndProject
Project("{9A19103F-16F7-4668-BE54-9A1E7A4F7556}") = "PhiloWellnessMVC.Data", "PhiloWellnessMVC.Data\PhiloWellnessMVC.Data.csproj", "{9C6459D1-AF18-4A1D-8665-9CA4437A6E45}"
EndProject
Project("{9A19103F-16F7-4668-BE54-9A1E7A4F7556}") = "PhiloWellnessMVC.Models", "PhiloWellnessMVC.Models\PhiloWellnessMVC.Models.csproj", "{12AF24E8-7ED8-469B-A7FB-7B7C21B2E610}"
EndProject
Project("{9A19103F-16F7-4668-BE54-9A1E7A4F7556}") = "PhiloWellnessMVC.Services", "PhiloWellnessMVC.Services\PhiloWellnessMVC.Services.csproj", "{76F02E05-90AD-435F-B383-2B7BE2380AC7}"
EndProject
Global
	GlobalSection(SolutionConfigurationPlatforms) = preSolution
		Debug|Any CPU = Debug|Any CPU
		Release|Any CPU = Release|Any CPU
	EndGlobalSection
	GlobalSection(ProjectConfigurationPlatforms) = postSolution
		{C004D089-6E82-460F-907D-0B6917C6B04C}.Debug|Any CPU.ActiveCfg = Debug|Any CPU
		{C004D089-6E82-460F-907D-0B6917C6B04C}.Debug|Any CPU.Build.0 = Debug|Any CPU
		{C004D089-6E82-460F-907D-0B6917C6B04C}.Release|Any CPU.ActiveCfg = Release|Any CPU
		{C004D089-6E82-460F-907D-0B6917C6B04C}.Release|Any CPU.Build.0 = Release|Any CPU
		{9C6459D1-AF18-4A1D-8665-9CA4437A6E45}.Debug|Any CPU.ActiveCfg = Debug|Any CPU
		{9C6459D1-AF18-4A1D-8665-9CA4437A6E45}.Debug|Any CPU.Build.0 = Debug|Any CPU
		{9C6459D1-AF18-4A1D-8665-9CA4437A6E45}.Release|Any CPU.ActiveCfg = Release|Any CPU
		{9C6459D1-AF18-4A1D-8665-9CA4437A6E45}.Release|Any CPU.Build.0 = Release|Any CPU
		{12AF24E8-7ED8-469B-A7FB-7B7C21B2E610}.Debug|Any CPU.ActiveCfg = Debug|Any CPU
		{12AF24E8-7ED8-469B-A7FB-7B7C21B2E610}.Debug|Any CPU.Build.0 = Debug|Any CPU
		{12AF24E8-7ED8-469B-A7FB-7B7C21B2E610}.Release|Any CPU.ActiveCfg = Release|Any CPU
		{12AF24E8-7ED8-469B-A7FB-7B7C21B2E610}.Release|Any CPU.Build.0 = Release|Any CPU
		{76F02E05-90AD-435F-B383-2B7BE2380AC7}.Debug|Any CPU.ActiveCfg = Debug|Any CPU
		{76F02E05-90AD-435F-B383-2B7BE2380AC7}.Debug|Any CPU.Build.0 = Debug|Any CPU
		{76F02E05-90AD-435F-B383-2B7BE2380AC7}.Release|Any CPU.ActiveCfg = Release|Any CPU
		{76F02E05-90AD-435F-B383-2B7BE2380AC7}.Release|Any CPU.Build.0 = Release|Any CPU
	EndGlobalSection
	GlobalSection(SolutionProperties) = preSolution
		HideSolutionNode = FALSE
	EndGlobalSection
	GlobalSection(ExtensibilityGlobals) = postSolution
		SolutionGuid = {D361065B-CA73-40DB-9249-C99C65A743B8}
	EndGlobalSection
EndGlobal
